{
  "pins" : [
    {
      "identity" : "swiftnet",
      "kind" : "remoteSourceControl",
      "location" : "https://github.com/WhereIsPumpkin/SwiftNet",
      "state" : {
        "branch" : "main",
        "revision" : "1cacb1f145eb8d72e46c8ca992abde9e63e1f7ad"
      }
    }
  ],
  "version" : 2
}
